
Microsoft Visual Studio Solution File, Format Version 12.00
# Visual Studio Version 17
VisualStudioVersion = 17.4.33122.133
MinimumVisualStudioVersion = 10.0.40219.1
Project("{2150E333-8FDC-42A3-9474-1A3956D46DE8}") = "src", "src", "{7C4518F9-6506-49BE-B39D-1BD1BE121E4B}"
EndProject
Project("{2150E333-8FDC-42A3-9474-1A3956D46DE8}") = "test", "test", "{41C53B82-ED58-4927-B597-CCCAEC8E3BF8}"
EndProject
Project("{2150E333-8FDC-42A3-9474-1A3956D46DE8}") = "assets", "assets", "{145A03BF-E60E-41F6-BD89-457F940F6C9B}"
	ProjectSection(SolutionItems) = preProject
		.gitignore = .gitignore
		assets\addXmlCommentsFromInheritdoc.png = assets\addXmlCommentsFromInheritdoc.png
		assets\addXmlCommentsFromSummaryAndRemarks.png = assets\addXmlCommentsFromSummaryAndRemarks.png
		assets\appendActionCountIntoSwaggerTag.png = assets\appendActionCountIntoSwaggerTag.png
		appveyor.yml = appveyor.yml
		Build.ps1 = Build.ps1
		assets\buymeacoffe.png = assets\buymeacoffe.png
		CHANGELOG.md = CHANGELOG.md
		assets\changeResponsesByHttpStatusCode.png = assets\changeResponsesByHttpStatusCode.png
		assets\enumDescriptionInSchemaDefinitions.png = assets\enumDescriptionInSchemaDefinitions.png
		assets\enumDescriptionInSchemaParameters.png = assets\enumDescriptionInSchemaParameters.png
		assets\enumDescriptionInSwaggerUI.png = assets\enumDescriptionInSwaggerUI.png
		assets\hideSwaggerDocumentPathItems.png = assets\hideSwaggerDocumentPathItems.png
		assets\icon.png = assets\icon.png
		LICENSE = LICENSE
		assets\logo.png = assets\logo.png
		README.md = README.md
	EndProjectSection
EndProject
Project("{9A19103F-16F7-4668-BE54-9A1E7A4F7556}") = "Unchase.Swashbuckle.AspNetCore.Extensions", "src\Unchase.Swashbuckle.AspNetCore.Extensions\Unchase.Swashbuckle.AspNetCore.Extensions.csproj", "{63011319-4764-44DE-B8C2-CDABAD5FD8BE}"
EndProject
Project("{9A19103F-16F7-4668-BE54-9A1E7A4F7556}") = "Unchase.Swashbuckle.AspNetCore.Extensions.Tests", "test\Unchase.Swashbuckle.AspNetCore.Extensions.Tests\Unchase.Swashbuckle.AspNetCore.Extensions.Tests.csproj", "{ADFE3232-3F94-4582-BE4E-CD93603EAE18}"
EndProject
Project("{9A19103F-16F7-4668-BE54-9A1E7A4F7556}") = "WebApi3.1-Swashbuckle", "test\WebApi3.1-Swashbuckle\WebApi3.1-Swashbuckle.csproj", "{1AD5C40F-8AF7-4DAA-9C72-40D1269304C0}"
EndProject
Project("{9A19103F-16F7-4668-BE54-9A1E7A4F7556}") = "WebApi5-Swashbuckle", "test\WebApi5-Swashbuckle\WebApi5-Swashbuckle.csproj", "{C9251364-9941-4776-A9A3-841173DB58C4}"
EndProject
Project("{FAE04EC0-301F-11D3-BF4B-00C04F79EFBC}") = "WebApi7-Swashbuckle", "test\WebApi7-Swashbuckle\WebApi7-Swashbuckle.csproj", "{4C6ADEFF-E66A-4E7D-B8B7-24FCDB3F6A89}"
EndProject
Global
	GlobalSection(SolutionConfigurationPlatforms) = preSolution
		Debug|Any CPU = Debug|Any CPU
		Release|Any CPU = Release|Any CPU
	EndGlobalSection
	GlobalSection(ProjectConfigurationPlatforms) = postSolution
		{63011319-4764-44DE-B8C2-CDABAD5FD8BE}.Debug|Any CPU.ActiveCfg = Debug|Any CPU
		{63011319-4764-44DE-B8C2-CDABAD5FD8BE}.Debug|Any CPU.Build.0 = Debug|Any CPU
		{63011319-4764-44DE-B8C2-CDABAD5FD8BE}.Release|Any CPU.ActiveCfg = Release|Any CPU
		{63011319-4764-44DE-B8C2-CDABAD5FD8BE}.Release|Any CPU.Build.0 = Release|Any CPU
		{ADFE3232-3F94-4582-BE4E-CD93603EAE18}.Debug|Any CPU.ActiveCfg = Debug|Any CPU
		{ADFE3232-3F94-4582-BE4E-CD93603EAE18}.Debug|Any CPU.Build.0 = Debug|Any CPU
		{ADFE3232-3F94-4582-BE4E-CD93603EAE18}.Release|Any CPU.ActiveCfg = Release|Any CPU
		{ADFE3232-3F94-4582-BE4E-CD93603EAE18}.Release|Any CPU.Build.0 = Release|Any CPU
		{1AD5C40F-8AF7-4DAA-9C72-40D1269304C0}.Debug|Any CPU.ActiveCfg = Debug|Any CPU
		{1AD5C40F-8AF7-4DAA-9C72-40D1269304C0}.Debug|Any CPU.Build.0 = Debug|Any CPU
		{1AD5C40F-8AF7-4DAA-9C72-40D1269304C0}.Release|Any CPU.ActiveCfg = Release|Any CPU
		{1AD5C40F-8AF7-4DAA-9C72-40D1269304C0}.Release|Any CPU.Build.0 = Release|Any CPU
		{C9251364-9941-4776-A9A3-841173DB58C4}.Debug|Any CPU.ActiveCfg = Debug|Any CPU
		{C9251364-9941-4776-A9A3-841173DB58C4}.Debug|Any CPU.Build.0 = Debug|Any CPU
		{C9251364-9941-4776-A9A3-841173DB58C4}.Release|Any CPU.ActiveCfg = Release|Any CPU
		{C9251364-9941-4776-A9A3-841173DB58C4}.Release|Any CPU.Build.0 = Release|Any CPU
		{4C6ADEFF-E66A-4E7D-B8B7-24FCDB3F6A89}.Debug|Any CPU.ActiveCfg = Debug|Any CPU
		{4C6ADEFF-E66A-4E7D-B8B7-24FCDB3F6A89}.Debug|Any CPU.Build.0 = Debug|Any CPU
		{4C6ADEFF-E66A-4E7D-B8B7-24FCDB3F6A89}.Release|Any CPU.ActiveCfg = Release|Any CPU
		{4C6ADEFF-E66A-4E7D-B8B7-24FCDB3F6A89}.Release|Any CPU.Build.0 = Release|Any CPU
	EndGlobalSection
	GlobalSection(SolutionProperties) = preSolution
		HideSolutionNode = FALSE
	EndGlobalSection
	GlobalSection(NestedProjects) = preSolution
		{63011319-4764-44DE-B8C2-CDABAD5FD8BE} = {7C4518F9-6506-49BE-B39D-1BD1BE121E4B}
		{ADFE3232-3F94-4582-BE4E-CD93603EAE18} = {41C53B82-ED58-4927-B597-CCCAEC8E3BF8}
		{1AD5C40F-8AF7-4DAA-9C72-40D1269304C0} = {41C53B82-ED58-4927-B597-CCCAEC8E3BF8}
		{C9251364-9941-4776-A9A3-841173DB58C4} = {41C53B82-ED58-4927-B597-CCCAEC8E3BF8}
		{4C6ADEFF-E66A-4E7D-B8B7-24FCDB3F6A89} = {41C53B82-ED58-4927-B597-CCCAEC8E3BF8}
	EndGlobalSection
	GlobalSection(ExtensibilityGlobals) = postSolution
		SolutionGuid = {4830AE48-C5E4-460E-B23E-B2D7D0578670}
	EndGlobalSection
EndGlobal
